
Microsoft Visual Studio Solution File, Format Version 11.00
# Visual Studio 2010
Project("{2150E333-8FDC-42A3-9474-1A3956D46DE8}") = "Solution Items", "Solution Items", "{C7B0B327-160B-489E-A8B0-000EE9BB92A9}"
	ProjectSection(SolutionItems) = preProject
		IntegrationTests.testsettings = IntegrationTests.testsettings
		Readme.txt = Readme.txt
		UnitTests.testsettings = UnitTests.testsettings
		VSPackage.vsmdi = VSPackage.vsmdi
	EndProjectSection
EndProject
Project("{FAE04EC0-301F-11D3-BF4B-00C04F79EFBC}") = "Microsoft.VisualStudio.Project", "MPFProject\Microsoft.VisualStudio.Project.csproj", "{CACB60A9-1E76-4F92-8831-B134A658C695}"
EndProject
Project("{FAE04EC0-301F-11D3-BF4B-00C04F79EFBC}") = "ASTMapper", "ASTMapper\ASTMapper.csproj", "{BDFA48AF-B8D8-4802-96C5-EF65BC1A2F00}"
EndProject
Project("{FAE04EC0-301F-11D3-BF4B-00C04F79EFBC}") = "MapperTests", "MapperTests\MapperTests.csproj", "{9AA3B553-4197-4190-879B-AAE665A08D99}"
EndProject
Project("{FAE04EC0-301F-11D3-BF4B-00C04F79EFBC}") = "MSBuildUtilities", "MSBuildUtilities\MSBuildUtilities.csproj", "{ACBAE658-3091-4F71-A3FA-D18B0F9E8DEA}"
EndProject
Project("{FAE04EC0-301F-11D3-BF4B-00C04F79EFBC}") = "VSPackage", "VSPackage\VSPackage.csproj", "{69C291FC-45BC-484D-971F-ABB0BC06D57C}"
	ProjectSection(ProjectDependencies) = postProject
		{1C2A9894-0085-4C4D-8BA8-999EF7FD9A51} = {1C2A9894-0085-4C4D-8BA8-999EF7FD9A51}
		{279A77C4-C249-4C5F-9C20-CBA176F23B8F} = {279A77C4-C249-4C5F-9C20-CBA176F23B8F}
	EndProjectSection
EndProject
Project("{FAE04EC0-301F-11D3-BF4B-00C04F79EFBC}") = "VSPackage_IntegrationTests", "VSPackage\VSPackage_IntegrationTests\VSPackage_IntegrationTests.csproj", "{2368971B-D203-461A-B5D7-B42F456F2671}"
EndProject
Project("{FAE04EC0-301F-11D3-BF4B-00C04F79EFBC}") = "VSPackage_UnitTests", "VSPackage\VSPackage_UnitTests\VSPackage_UnitTests.csproj", "{FCE2853E-11C9-4C68-9766-FF0A281831AF}"
EndProject
Project("{FAE04EC0-301F-11D3-BF4B-00C04F79EFBC}") = "BoocNET35", "BoocNET35\BoocNET35.csproj", "{1C2A9894-0085-4C4D-8BA8-999EF7FD9A51}"
EndProject
Project("{FAE04EC0-301F-11D3-BF4B-00C04F79EFBC}") = "BoocNET40", "BoocNET40\BoocNET40.csproj", "{279A77C4-C249-4C5F-9C20-CBA176F23B8F}"
EndProject
Global
	GlobalSection(TestCaseManagementSettings) = postSolution
		CategoryFile = VSPackage.vsmdi
	EndGlobalSection
	GlobalSection(SolutionConfigurationPlatforms) = preSolution
		Debug|Any CPU = Debug|Any CPU
		Debug|Mixed Platforms = Debug|Mixed Platforms
		Debug|x86 = Debug|x86
		Release|Any CPU = Release|Any CPU
		Release|Mixed Platforms = Release|Mixed Platforms
		Release|x86 = Release|x86
	EndGlobalSection
	GlobalSection(ProjectConfigurationPlatforms) = postSolution
		{CACB60A9-1E76-4F92-8831-B134A658C695}.Debug|Any CPU.ActiveCfg = Debug|Any CPU
		{CACB60A9-1E76-4F92-8831-B134A658C695}.Debug|Any CPU.Build.0 = Debug|Any CPU
		{CACB60A9-1E76-4F92-8831-B134A658C695}.Debug|Mixed Platforms.ActiveCfg = Debug|Any CPU
		{CACB60A9-1E76-4F92-8831-B134A658C695}.Debug|Mixed Platforms.Build.0 = Debug|Any CPU
		{CACB60A9-1E76-4F92-8831-B134A658C695}.Debug|x86.ActiveCfg = Debug|Any CPU
		{CACB60A9-1E76-4F92-8831-B134A658C695}.Release|Any CPU.ActiveCfg = Release|Any CPU
		{CACB60A9-1E76-4F92-8831-B134A658C695}.Release|Any CPU.Build.0 = Release|Any CPU
		{CACB60A9-1E76-4F92-8831-B134A658C695}.Release|Mixed Platforms.ActiveCfg = Release|Any CPU
		{CACB60A9-1E76-4F92-8831-B134A658C695}.Release|Mixed Platforms.Build.0 = Release|Any CPU
		{CACB60A9-1E76-4F92-8831-B134A658C695}.Release|x86.ActiveCfg = Release|Any CPU
		{BDFA48AF-B8D8-4802-96C5-EF65BC1A2F00}.Debug|Any CPU.ActiveCfg = Debug|Any CPU
		{BDFA48AF-B8D8-4802-96C5-EF65BC1A2F00}.Debug|Any CPU.Build.0 = Debug|Any CPU
		{BDFA48AF-B8D8-4802-96C5-EF65BC1A2F00}.Debug|Mixed Platforms.ActiveCfg = Debug|Any CPU
		{BDFA48AF-B8D8-4802-96C5-EF65BC1A2F00}.Debug|Mixed Platforms.Build.0 = Debug|Any CPU
		{BDFA48AF-B8D8-4802-96C5-EF65BC1A2F00}.Debug|x86.ActiveCfg = Debug|Any CPU
		{BDFA48AF-B8D8-4802-96C5-EF65BC1A2F00}.Release|Any CPU.ActiveCfg = Release|Any CPU
		{BDFA48AF-B8D8-4802-96C5-EF65BC1A2F00}.Release|Any CPU.Build.0 = Release|Any CPU
		{BDFA48AF-B8D8-4802-96C5-EF65BC1A2F00}.Release|Mixed Platforms.ActiveCfg = Release|Any CPU
		{BDFA48AF-B8D8-4802-96C5-EF65BC1A2F00}.Release|Mixed Platforms.Build.0 = Release|Any CPU
		{BDFA48AF-B8D8-4802-96C5-EF65BC1A2F00}.Release|x86.ActiveCfg = Release|Any CPU
		{9AA3B553-4197-4190-879B-AAE665A08D99}.Debug|Any CPU.ActiveCfg = Debug|Any CPU
		{9AA3B553-4197-4190-879B-AAE665A08D99}.Debug|Any CPU.Build.0 = Debug|Any CPU
		{9AA3B553-4197-4190-879B-AAE665A08D99}.Debug|Mixed Platforms.ActiveCfg = Debug|Any CPU
		{9AA3B553-4197-4190-879B-AAE665A08D99}.Debug|Mixed Platforms.Build.0 = Debug|Any CPU
		{9AA3B553-4197-4190-879B-AAE665A08D99}.Debug|x86.ActiveCfg = Debug|Any CPU
		{9AA3B553-4197-4190-879B-AAE665A08D99}.Release|Any CPU.ActiveCfg = Release|Any CPU
		{9AA3B553-4197-4190-879B-AAE665A08D99}.Release|Any CPU.Build.0 = Release|Any CPU
		{9AA3B553-4197-4190-879B-AAE665A08D99}.Release|Mixed Platforms.ActiveCfg = Release|Any CPU
		{9AA3B553-4197-4190-879B-AAE665A08D99}.Release|Mixed Platforms.Build.0 = Release|Any CPU
		{9AA3B553-4197-4190-879B-AAE665A08D99}.Release|x86.ActiveCfg = Release|Any CPU
		{ACBAE658-3091-4F71-A3FA-D18B0F9E8DEA}.Debug|Any CPU.ActiveCfg = Debug|Any CPU
		{ACBAE658-3091-4F71-A3FA-D18B0F9E8DEA}.Debug|Any CPU.Build.0 = Debug|Any CPU
		{ACBAE658-3091-4F71-A3FA-D18B0F9E8DEA}.Debug|Mixed Platforms.ActiveCfg = Debug|Any CPU
		{ACBAE658-3091-4F71-A3FA-D18B0F9E8DEA}.Debug|Mixed Platforms.Build.0 = Debug|Any CPU
		{ACBAE658-3091-4F71-A3FA-D18B0F9E8DEA}.Debug|x86.ActiveCfg = Debug|Any CPU
		{ACBAE658-3091-4F71-A3FA-D18B0F9E8DEA}.Release|Any CPU.ActiveCfg = Release|Any CPU
		{ACBAE658-3091-4F71-A3FA-D18B0F9E8DEA}.Release|Any CPU.Build.0 = Release|Any CPU
		{ACBAE658-3091-4F71-A3FA-D18B0F9E8DEA}.Release|Mixed Platforms.ActiveCfg = Release|Any CPU
		{ACBAE658-3091-4F71-A3FA-D18B0F9E8DEA}.Release|Mixed Platforms.Build.0 = Release|Any CPU
		{ACBAE658-3091-4F71-A3FA-D18B0F9E8DEA}.Release|x86.ActiveCfg = Release|Any CPU
		{69C291FC-45BC-484D-971F-ABB0BC06D57C}.Debug|Any CPU.ActiveCfg = Debug|Any CPU
		{69C291FC-45BC-484D-971F-ABB0BC06D57C}.Debug|Any CPU.Build.0 = Debug|Any CPU
		{69C291FC-45BC-484D-971F-ABB0BC06D57C}.Debug|Mixed Platforms.ActiveCfg = Debug|Any CPU
		{69C291FC-45BC-484D-971F-ABB0BC06D57C}.Debug|Mixed Platforms.Build.0 = Debug|Any CPU
		{69C291FC-45BC-484D-971F-ABB0BC06D57C}.Debug|x86.ActiveCfg = Debug|Any CPU
		{69C291FC-45BC-484D-971F-ABB0BC06D57C}.Release|Any CPU.ActiveCfg = Release|Any CPU
		{69C291FC-45BC-484D-971F-ABB0BC06D57C}.Release|Any CPU.Build.0 = Release|Any CPU
		{69C291FC-45BC-484D-971F-ABB0BC06D57C}.Release|Mixed Platforms.ActiveCfg = Release|Any CPU
		{69C291FC-45BC-484D-971F-ABB0BC06D57C}.Release|Mixed Platforms.Build.0 = Release|Any CPU
		{69C291FC-45BC-484D-971F-ABB0BC06D57C}.Release|x86.ActiveCfg = Release|Any CPU
		{2368971B-D203-461A-B5D7-B42F456F2671}.Debug|Any CPU.ActiveCfg = Debug|Any CPU
		{2368971B-D203-461A-B5D7-B42F456F2671}.Debug|Any CPU.Build.0 = Debug|Any CPU
		{2368971B-D203-461A-B5D7-B42F456F2671}.Debug|Mixed Platforms.ActiveCfg = Debug|Any CPU
		{2368971B-D203-461A-B5D7-B42F456F2671}.Debug|Mixed Platforms.Build.0 = Debug|Any CPU
		{2368971B-D203-461A-B5D7-B42F456F2671}.Debug|x86.ActiveCfg = Debug|Any CPU
		{2368971B-D203-461A-B5D7-B42F456F2671}.Release|Any CPU.ActiveCfg = Release|Any CPU
		{2368971B-D203-461A-B5D7-B42F456F2671}.Release|Any CPU.Build.0 = Release|Any CPU
		{2368971B-D203-461A-B5D7-B42F456F2671}.Release|Mixed Platforms.ActiveCfg = Release|Any CPU
		{2368971B-D203-461A-B5D7-B42F456F2671}.Release|Mixed Platforms.Build.0 = Release|Any CPU
		{2368971B-D203-461A-B5D7-B42F456F2671}.Release|x86.ActiveCfg = Release|Any CPU
		{FCE2853E-11C9-4C68-9766-FF0A281831AF}.Debug|Any CPU.ActiveCfg = Debug|Any CPU
		{FCE2853E-11C9-4C68-9766-FF0A281831AF}.Debug|Any CPU.Build.0 = Debug|Any CPU
		{FCE2853E-11C9-4C68-9766-FF0A281831AF}.Debug|Mixed Platforms.ActiveCfg = Debug|Any CPU
		{FCE2853E-11C9-4C68-9766-FF0A281831AF}.Debug|Mixed Platforms.Build.0 = Debug|Any CPU
		{FCE2853E-11C9-4C68-9766-FF0A281831AF}.Debug|x86.ActiveCfg = Debug|Any CPU
		{FCE2853E-11C9-4C68-9766-FF0A281831AF}.Release|Any CPU.ActiveCfg = Release|Any CPU
		{FCE2853E-11C9-4C68-9766-FF0A281831AF}.Release|Any CPU.Build.0 = Release|Any CPU
		{FCE2853E-11C9-4C68-9766-FF0A281831AF}.Release|Mixed Platforms.ActiveCfg = Release|Any CPU
		{FCE2853E-11C9-4C68-9766-FF0A281831AF}.Release|Mixed Platforms.Build.0 = Release|Any CPU
		{FCE2853E-11C9-4C68-9766-FF0A281831AF}.Release|x86.ActiveCfg = Release|Any CPU
		{1C2A9894-0085-4C4D-8BA8-999EF7FD9A51}.Debug|Any CPU.ActiveCfg = Debug|Any CPU
		{1C2A9894-0085-4C4D-8BA8-999EF7FD9A51}.Debug|Any CPU.Build.0 = Debug|Any CPU
		{1C2A9894-0085-4C4D-8BA8-999EF7FD9A51}.Debug|Mixed Platforms.ActiveCfg = Debug|Any CPU
		{1C2A9894-0085-4C4D-8BA8-999EF7FD9A51}.Debug|Mixed Platforms.Build.0 = Debug|Any CPU
		{1C2A9894-0085-4C4D-8BA8-999EF7FD9A51}.Debug|x86.ActiveCfg = Debug|Any CPU
		{1C2A9894-0085-4C4D-8BA8-999EF7FD9A51}.Release|Any CPU.ActiveCfg = Release|Any CPU
		{1C2A9894-0085-4C4D-8BA8-999EF7FD9A51}.Release|Any CPU.Build.0 = Release|Any CPU
		{1C2A9894-0085-4C4D-8BA8-999EF7FD9A51}.Release|Mixed Platforms.ActiveCfg = Release|Any CPU
		{1C2A9894-0085-4C4D-8BA8-999EF7FD9A51}.Release|Mixed Platforms.Build.0 = Release|Any CPU
		{1C2A9894-0085-4C4D-8BA8-999EF7FD9A51}.Release|x86.ActiveCfg = Release|Any CPU
		{279A77C4-C249-4C5F-9C20-CBA176F23B8F}.Debug|Any CPU.ActiveCfg = Debug|Any CPU
		{279A77C4-C249-4C5F-9C20-CBA176F23B8F}.Debug|Any CPU.Build.0 = Debug|Any CPU
		{279A77C4-C249-4C5F-9C20-CBA176F23B8F}.Debug|Mixed Platforms.ActiveCfg = Debug|Any CPU
		{279A77C4-C249-4C5F-9C20-CBA176F23B8F}.Debug|Mixed Platforms.Build.0 = Debug|Any CPU
		{279A77C4-C249-4C5F-9C20-CBA176F23B8F}.Debug|x86.ActiveCfg = Debug|Any CPU
		{279A77C4-C249-4C5F-9C20-CBA176F23B8F}.Release|Any CPU.ActiveCfg = Release|Any CPU
		{279A77C4-C249-4C5F-9C20-CBA176F23B8F}.Release|Any CPU.Build.0 = Release|Any CPU
		{279A77C4-C249-4C5F-9C20-CBA176F23B8F}.Release|Mixed Platforms.ActiveCfg = Release|Any CPU
		{279A77C4-C249-4C5F-9C20-CBA176F23B8F}.Release|Mixed Platforms.Build.0 = Release|Any CPU
		{279A77C4-C249-4C5F-9C20-CBA176F23B8F}.Release|x86.ActiveCfg = Release|Any CPU
	EndGlobalSection
	GlobalSection(SolutionProperties) = preSolution
		HideSolutionNode = FALSE
	EndGlobalSection
EndGlobal
